
Microsoft Visual Studio Solution File, Format Version 12.00
# Visual Studio Version 17
VisualStudioVersion = 17.4.33110.190
MinimumVisualStudioVersion = 10.0.40219.1
Project("{FAE04EC0-301F-11D3-BF4B-00C04F79EFBC}") = "test", "test\test.csproj", "{E9A20DCB-731E-4B92-905F-DB7E8E86592D}"
EndProject
Global
	GlobalSection(SolutionConfigurationPlatforms) = preSolution
		Debug|Any CPU = Debug|Any CPU
		Release|Any CPU = Release|Any CPU
	EndGlobalSection
	GlobalSection(ProjectConfigurationPlatforms) = postSolution
		{E9A20DCB-731E-4B92-905F-DB7E8E86592D}.Debug|Any CPU.ActiveCfg = Debug|Any CPU
		{E9A20DCB-731E-4B92-905F-DB7E8E86592D}.Debug|Any CPU.Build.0 = Debug|Any CPU
		{E9A20DCB-731E-4B92-905F-DB7E8E86592D}.Release|Any CPU.ActiveCfg = Release|Any CPU
		{E9A20DCB-731E-4B92-905F-DB7E8E86592D}.Release|Any CPU.Build.0 = Release|Any CPU
	EndGlobalSection
	GlobalSection(SolutionProperties) = preSolution
		HideSolutionNode = FALSE
	EndGlobalSection
	GlobalSection(ExtensibilityGlobals) = postSolution
		SolutionGuid = {CC22E7BD-7C6F-430C-891D-F1C01BE2F58E}
	EndGlobalSection
EndGlobal
