
Microsoft Visual Studio Solution File, Format Version 12.00
# Visual Studio Version 17
VisualStudioVersion = 17.4.33110.190
MinimumVisualStudioVersion = 10.0.40219.1
Project("{FAE04EC0-301F-11D3-BF4B-00C04F79EFBC}") = "inheritance", "inheritance\inheritance.csproj", "{555C484C-7591-4305-B548-F713AF802901}"
EndProject
Global
	GlobalSection(SolutionConfigurationPlatforms) = preSolution
		Debug|Any CPU = Debug|Any CPU
		Release|Any CPU = Release|Any CPU
	EndGlobalSection
	GlobalSection(ProjectConfigurationPlatforms) = postSolution
		{555C484C-7591-4305-B548-F713AF802901}.Debug|Any CPU.ActiveCfg = Debug|Any CPU
		{555C484C-7591-4305-B548-F713AF802901}.Debug|Any CPU.Build.0 = Debug|Any CPU
		{555C484C-7591-4305-B548-F713AF802901}.Release|Any CPU.ActiveCfg = Release|Any CPU
		{555C484C-7591-4305-B548-F713AF802901}.Release|Any CPU.Build.0 = Release|Any CPU
	EndGlobalSection
	GlobalSection(SolutionProperties) = preSolution
		HideSolutionNode = FALSE
	EndGlobalSection
	GlobalSection(ExtensibilityGlobals) = postSolution
		SolutionGuid = {7D741F8A-0FA3-4CAE-A51B-6AC096F61998}
	EndGlobalSection
EndGlobal
