
Microsoft Visual Studio Solution File, Format Version 12.00
# Visual Studio Version 17
VisualStudioVersion = 17.4.33110.190
MinimumVisualStudioVersion = 10.0.40219.1
Project("{FAE04EC0-301F-11D3-BF4B-00C04F79EFBC}") = "overload", "overload\overload.csproj", "{DB2A7211-A799-4B92-A15D-844DAC357056}"
EndProject
Global
	GlobalSection(SolutionConfigurationPlatforms) = preSolution
		Debug|Any CPU = Debug|Any CPU
		Release|Any CPU = Release|Any CPU
	EndGlobalSection
	GlobalSection(ProjectConfigurationPlatforms) = postSolution
		{DB2A7211-A799-4B92-A15D-844DAC357056}.Debug|Any CPU.ActiveCfg = Debug|Any CPU
		{DB2A7211-A799-4B92-A15D-844DAC357056}.Debug|Any CPU.Build.0 = Debug|Any CPU
		{DB2A7211-A799-4B92-A15D-844DAC357056}.Release|Any CPU.ActiveCfg = Release|Any CPU
		{DB2A7211-A799-4B92-A15D-844DAC357056}.Release|Any CPU.Build.0 = Release|Any CPU
	EndGlobalSection
	GlobalSection(SolutionProperties) = preSolution
		HideSolutionNode = FALSE
	EndGlobalSection
	GlobalSection(ExtensibilityGlobals) = postSolution
		SolutionGuid = {3F474363-EFFF-47CA-B5A8-CC805CC0CC08}
	EndGlobalSection
EndGlobal
