
Microsoft Visual Studio Solution File, Format Version 12.00
# Visual Studio Version 17
VisualStudioVersion = 17.4.33110.190
MinimumVisualStudioVersion = 10.0.40219.1
Project("{FAE04EC0-301F-11D3-BF4B-00C04F79EFBC}") = "destruct", "destruct\destruct.csproj", "{946AD7A3-98E0-4FAF-8B41-DCA71EF2B62A}"
EndProject
Global
	GlobalSection(SolutionConfigurationPlatforms) = preSolution
		Debug|Any CPU = Debug|Any CPU
		Release|Any CPU = Release|Any CPU
	EndGlobalSection
	GlobalSection(ProjectConfigurationPlatforms) = postSolution
		{946AD7A3-98E0-4FAF-8B41-DCA71EF2B62A}.Debug|Any CPU.ActiveCfg = Debug|Any CPU
		{946AD7A3-98E0-4FAF-8B41-DCA71EF2B62A}.Debug|Any CPU.Build.0 = Debug|Any CPU
		{946AD7A3-98E0-4FAF-8B41-DCA71EF2B62A}.Release|Any CPU.ActiveCfg = Release|Any CPU
		{946AD7A3-98E0-4FAF-8B41-DCA71EF2B62A}.Release|Any CPU.Build.0 = Release|Any CPU
	EndGlobalSection
	GlobalSection(SolutionProperties) = preSolution
		HideSolutionNode = FALSE
	EndGlobalSection
	GlobalSection(ExtensibilityGlobals) = postSolution
		SolutionGuid = {84E6463F-1E54-4B1B-94AE-A5A09B01BC6C}
	EndGlobalSection
EndGlobal
